{
  "name": "blob-processor-testing",
  "version": "0.1.0",
  "lockfileVersion": 2,
  "requires": true,
  "packages": {
    "": {
      "name": "blob-processor-testing",
      "version": "0.1.0",
      "license": "GPL-3.0",
      "dependencies": {
        "pngjs": "^6.0.0",
        "pngjs-draw": "^0.0.6"
      }
    },
    "node_modules/pngjs": {
      "version": "6.0.0",
      "resolved": "https://registry.npmjs.org/pngjs/-/pngjs-6.0.0.tgz",
      "integrity": "sha512-TRzzuFRRmEoSW/p1KVAmiOgPco2Irlah+bGFCeNfJXxxYGwSw7YwAOAcd7X28K/m5bjBWKsC29KyoMfHbypayg==",
      "engines": {
        "node": ">=12.13.0"
      }
    },
    "node_modules/pngjs-draw": {
      "version": "0.0.6",
      "resolved": "https://registry.npmjs.org/pngjs-draw/-/pngjs-draw-0.0.6.tgz",
      "integrity": "sha1-G7Kzni4aG9Yi++DjQeUdYpFyJ2Y=",
      "dependencies": {
        "pngjs": "^0.4.0"
      }
    },
    "node_modules/pngjs-draw/node_modules/pngjs": {
      "version": "0.4.0",
      "resolved": "https://registry.npmjs.org/pngjs/-/pngjs-0.4.0.tgz",
      "integrity": "sha1-KUBxrcGytgv9SspNvkdZvM7m/Xc=",
      "engines": {
        "node": "0.8.x"
      }
    }
  },
  "dependencies": {
    "pngjs": {
      "version": "6.0.0",
      "resolved": "https://registry.npmjs.org/pngjs/-/pngjs-6.0.0.tgz",
      "integrity": "sha512-TRzzuFRRmEoSW/p1KVAmiOgPco2Irlah+bGFCeNfJXxxYGwSw7YwAOAcd7X28K/m5bjBWKsC29KyoMfHbypayg=="
    },
    "pngjs-draw": {
      "version": "0.0.6",
      "resolved": "https://registry.npmjs.org/pngjs-draw/-/pngjs-draw-0.0.6.tgz",
      "integrity": "sha1-G7Kzni4aG9Yi++DjQeUdYpFyJ2Y=",
      "requires": {
        "pngjs": "^0.4.0"
      },
      "dependencies": {
        "pngjs": {
          "version": "0.4.0",
          "resolved": "https://registry.npmjs.org/pngjs/-/pngjs-0.4.0.tgz",
          "integrity": "sha1-KUBxrcGytgv9SspNvkdZvM7m/Xc="
        }
      }
    }
  }
}
